
Microsoft Visual Studio Solution File, Format Version 11.00
# Visual Studio 2010
Project("{8BC9CEB8-8B4A-11D0-8D11-00A0C91BC942}") = "example", "example.vcxproj", "{8683A4D3-928C-6DD4-CD49-F75AE2A9B1F4}"
	ProjectSection(ProjectDependencies) = postProject
		{0120D3A1-C9EC-77FE-C486-4C2CB7FE1048} = {0120D3A1-C9EC-77FE-C486-4C2CB7FE1048}
	EndProjectSection
EndProject
Project("{8BC9CEB8-8B4A-11D0-8D11-00A0C91BC942}") = "minigzip", "minigzip.vcxproj", "{B9111543-B23E-0BA7-ABF6-E34E3E6DC683}"
	ProjectSection(ProjectDependencies) = postProject
		{0120D3A1-C9EC-77FE-C486-4C2CB7FE1048} = {0120D3A1-C9EC-77FE-C486-4C2CB7FE1048}
	EndProjectSection
EndProject
Project("{8BC9CEB8-8B4A-11D0-8D11-00A0C91BC942}") = "zlib", "zlib.vcxproj", "{0120D3A1-C9EC-77FE-C486-4C2CB7FE1048}"
EndProject
Global
	GlobalSection(SolutionConfigurationPlatforms) = preSolution
		DLL ASM Debug|Win32 = DLL ASM Debug|Win32
		DLL ASM Release|Win32 = DLL ASM Release|Win32
		DLL Debug|Win32 = DLL Debug|Win32
		DLL Release|Win32 = DLL Release|Win32
		LIB ASM Debug|Win32 = LIB ASM Debug|Win32
		LIB ASM Release|Win32 = LIB ASM Release|Win32
		LIB Debug|Win32 = LIB Debug|Win32
		LIB Release|Win32 = LIB Release|Win32
		Template|Win32 = Template|Win32
	EndGlobalSection
	GlobalSection(ProjectConfigurationPlatforms) = postSolution
		{8683A4D3-928C-6DD4-CD49-F75AE2A9B1F4}.DLL ASM Debug|Win32.ActiveCfg = DLL ASM Debug|Win32
		{8683A4D3-928C-6DD4-CD49-F75AE2A9B1F4}.DLL ASM Debug|Win32.Build.0 = DLL ASM Debug|Win32
		{8683A4D3-928C-6DD4-CD49-F75AE2A9B1F4}.DLL ASM Release|Win32.ActiveCfg = DLL ASM Release|Win32
		{8683A4D3-928C-6DD4-CD49-F75AE2A9B1F4}.DLL ASM Release|Win32.Build.0 = DLL ASM Release|Win32
		{8683A4D3-928C-6DD4-CD49-F75AE2A9B1F4}.DLL Debug|Win32.ActiveCfg = DLL Debug|Win32
		{8683A4D3-928C-6DD4-CD49-F75AE2A9B1F4}.DLL Debug|Win32.Build.0 = DLL Debug|Win32
		{8683A4D3-928C-6DD4-CD49-F75AE2A9B1F4}.DLL Release|Win32.ActiveCfg = DLL Release|Win32
		{8683A4D3-928C-6DD4-CD49-F75AE2A9B1F4}.DLL Release|Win32.Build.0 = DLL Release|Win32
		{8683A4D3-928C-6DD4-CD49-F75AE2A9B1F4}.LIB ASM Debug|Win32.ActiveCfg = LIB ASM Debug|Win32
		{8683A4D3-928C-6DD4-CD49-F75AE2A9B1F4}.LIB ASM Debug|Win32.Build.0 = LIB ASM Debug|Win32
		{8683A4D3-928C-6DD4-CD49-F75AE2A9B1F4}.LIB ASM Release|Win32.ActiveCfg = LIB ASM Release|Win32
		{8683A4D3-928C-6DD4-CD49-F75AE2A9B1F4}.LIB ASM Release|Win32.Build.0 = LIB ASM Release|Win32
		{8683A4D3-928C-6DD4-CD49-F75AE2A9B1F4}.LIB Debug|Win32.ActiveCfg = LIB Debug|Win32
		{8683A4D3-928C-6DD4-CD49-F75AE2A9B1F4}.LIB Debug|Win32.Build.0 = LIB Debug|Win32
		{8683A4D3-928C-6DD4-CD49-F75AE2A9B1F4}.LIB Release|Win32.ActiveCfg = LIB Release|Win32
		{8683A4D3-928C-6DD4-CD49-F75AE2A9B1F4}.LIB Release|Win32.Build.0 = LIB Release|Win32
		{8683A4D3-928C-6DD4-CD49-F75AE2A9B1F4}.Template|Win32.ActiveCfg = LIB Release|Win32
		{8683A4D3-928C-6DD4-CD49-F75AE2A9B1F4}.Template|Win32.Build.0 = LIB Release|Win32
		{B9111543-B23E-0BA7-ABF6-E34E3E6DC683}.DLL ASM Debug|Win32.ActiveCfg = DLL ASM Debug|Win32
		{B9111543-B23E-0BA7-ABF6-E34E3E6DC683}.DLL ASM Debug|Win32.Build.0 = DLL ASM Debug|Win32
		{B9111543-B23E-0BA7-ABF6-E34E3E6DC683}.DLL ASM Release|Win32.ActiveCfg = DLL ASM Release|Win32
		{B9111543-B23E-0BA7-ABF6-E34E3E6DC683}.DLL ASM Release|Win32.Build.0 = DLL ASM Release|Win32
		{B9111543-B23E-0BA7-ABF6-E34E3E6DC683}.DLL Debug|Win32.ActiveCfg = DLL Debug|Win32
		{B9111543-B23E-0BA7-ABF6-E34E3E6DC683}.DLL Debug|Win32.Build.0 = DLL Debug|Win32
		{B9111543-B23E-0BA7-ABF6-E34E3E6DC683}.DLL Release|Win32.ActiveCfg = DLL Release|Win32
		{B9111543-B23E-0BA7-ABF6-E34E3E6DC683}.DLL Release|Win32.Build.0 = DLL Release|Win32
		{B9111543-B23E-0BA7-ABF6-E34E3E6DC683}.LIB ASM Debug|Win32.ActiveCfg = LIB ASM Debug|Win32
		{B9111543-B23E-0BA7-ABF6-E34E3E6DC683}.LIB ASM Debug|Win32.Build.0 = LIB ASM Debug|Win32
		{B9111543-B23E-0BA7-ABF6-E34E3E6DC683}.LIB ASM Release|Win32.ActiveCfg = LIB ASM Release|Win32
		{B9111543-B23E-0BA7-ABF6-E34E3E6DC683}.LIB ASM Release|Win32.Build.0 = LIB ASM Release|Win32
		{B9111543-B23E-0BA7-ABF6-E34E3E6DC683}.LIB Debug|Win32.ActiveCfg = LIB Debug|Win32
		{B9111543-B23E-0BA7-ABF6-E34E3E6DC683}.LIB Debug|Win32.Build.0 = LIB Debug|Win32
		{B9111543-B23E-0BA7-ABF6-E34E3E6DC683}.LIB Release|Win32.ActiveCfg = LIB Release|Win32
		{B9111543-B23E-0BA7-ABF6-E34E3E6DC683}.LIB Release|Win32.Build.0 = LIB Release|Win32
		{B9111543-B23E-0BA7-ABF6-E34E3E6DC683}.Template|Win32.ActiveCfg = Template|Win32
		{B9111543-B23E-0BA7-ABF6-E34E3E6DC683}.Template|Win32.Build.0 = Template|Win32
		{0120D3A1-C9EC-77FE-C486-4C2CB7FE1048}.DLL ASM Debug|Win32.ActiveCfg = DLL ASM Debug|Win32
		{0120D3A1-C9EC-77FE-C486-4C2CB7FE1048}.DLL ASM Debug|Win32.Build.0 = DLL ASM Debug|Win32
		{0120D3A1-C9EC-77FE-C486-4C2CB7FE1048}.DLL ASM Release|Win32.ActiveCfg = DLL ASM Release|Win32
		{0120D3A1-C9EC-77FE-C486-4C2CB7FE1048}.DLL ASM Release|Win32.Build.0 = DLL ASM Release|Win32
		{0120D3A1-C9EC-77FE-C486-4C2CB7FE1048}.DLL Debug|Win32.ActiveCfg = DLL Debug|Win32
		{0120D3A1-C9EC-77FE-C486-4C2CB7FE1048}.DLL Debug|Win32.Build.0 = DLL Debug|Win32
		{0120D3A1-C9EC-77FE-C486-4C2CB7FE1048}.DLL Release|Win32.ActiveCfg = DLL Release|Win32
		{0120D3A1-C9EC-77FE-C486-4C2CB7FE1048}.DLL Release|Win32.Build.0 = DLL Release|Win32
		{0120D3A1-C9EC-77FE-C486-4C2CB7FE1048}.LIB ASM Debug|Win32.ActiveCfg = LIB ASM Debug|Win32
		{0120D3A1-C9EC-77FE-C486-4C2CB7FE1048}.LIB ASM Debug|Win32.Build.0 = LIB ASM Debug|Win32
		{0120D3A1-C9EC-77FE-C486-4C2CB7FE1048}.LIB ASM Release|Win32.ActiveCfg = LIB ASM Release|Win32
		{0120D3A1-C9EC-77FE-C486-4C2CB7FE1048}.LIB ASM Release|Win32.Build.0 = LIB ASM Release|Win32
		{0120D3A1-C9EC-77FE-C486-4C2CB7FE1048}.LIB Debug|Win32.ActiveCfg = LIB Debug|Win32
		{0120D3A1-C9EC-77FE-C486-4C2CB7FE1048}.LIB Debug|Win32.Build.0 = LIB Debug|Win32
		{0120D3A1-C9EC-77FE-C486-4C2CB7FE1048}.LIB Release|Win32.ActiveCfg = LIB Release|Win32
		{0120D3A1-C9EC-77FE-C486-4C2CB7FE1048}.LIB Release|Win32.Build.0 = LIB Release|Win32
		{0120D3A1-C9EC-77FE-C486-4C2CB7FE1048}.Template|Win32.ActiveCfg = Template|Win32
		{0120D3A1-C9EC-77FE-C486-4C2CB7FE1048}.Template|Win32.Build.0 = Template|Win32
	EndGlobalSection
	GlobalSection(SolutionProperties) = preSolution
		HideSolutionNode = FALSE
	EndGlobalSection
EndGlobal
